# This file is generated by running "yarn install" inside your project.
# Manual changes might be lost - proceed with caution!

__metadata:
  version: 6
  cacheKey: 8

"rescript-tinybench@workspace:.":
  version: 0.0.0-use.local
  resolution: "rescript-tinybench@workspace:."
  dependencies:
    rescript: ^10.1.4
    tinybench: ^2.5.0
  peerDependencies:
    rescript: ^10.1.0 || ^11.0.0-alpha.0
  languageName: unknown
  linkType: soft

"rescript@npm:^10.1.4":
  version: 10.1.4
  resolution: "rescript@npm:10.1.4"
  bin:
    bsc: bsc
    bsrefmt: bsrefmt
    bstracing: lib/bstracing
    rescript: rescript
  checksum: 5bd4b17a9671bc91f369ef56fbd03bba73b4a2cfeab9e09d92f8133f70b62028754914afede07f18d2c1dd877a38a14b2ff5a3b6b90783ea2306b29ff3de54f0
  languageName: node
  linkType: hard

"tinybench@npm:^2.5.0":
  version: 2.5.0
  resolution: "tinybench@npm:2.5.0"
  checksum: 284bb9428f197ec8b869c543181315e65e41ccfdad3c4b6c916bb1fdae1b5c6785661b0d90cf135b48d833b03cb84dc5357b2d33ec65a1f5971fae0ab2023821
  languageName: node
  linkType: hard
