# This file is generated by running "yarn install" inside your project.
# Manual changes might be lost - proceed with caution!

__metadata:
  version: 6
  cacheKey: 8

"rescript-tinybench@workspace:.":
  version: 0.0.0-use.local
  resolution: "rescript-tinybench@workspace:."
  dependencies:
    rescript: ^10.1.0
    tinybench: ^2.3.1
  peerDependencies:
    rescript: ^10.1.0
  languageName: unknown
  linkType: soft

"rescript@npm:^10.1.0":
  version: 10.1.0
  resolution: "rescript@npm:10.1.0"
  bin:
    bsc: bsc
    bsrefmt: bsrefmt
    bstracing: lib/bstracing
    rescript: rescript
  checksum: b0b6ffbe7e6fc52098ccdeea30dff886dff4cf09c8cd85bdfa2b6cd7a854f35c167aa96e03f1590070315c344b85f24f311aa8ac26d3e96a763730a03bb99d7d
  languageName: node
  linkType: hard

"tinybench@npm:^2.3.1":
  version: 2.3.1
  resolution: "tinybench@npm:2.3.1"
  checksum: 74d45fa546d964a8123f98847fc59550945ed7f0d3e5a4ce0f9596d836b51c1d340c2ae0277a8023c15dc9ea3d7cb948a79173bfc46338c9b367c6323ea1eaf3
  languageName: node
  linkType: hard
